<Solution>
  <Folder Name="/src/">
    <Project Path="src/InventoryHold.Contracts/InventoryHold.Contracts.csproj" />
    <Project Path="src/InventoryHold.Domain/InventoryHold.Domain.csproj" />
    <Project Path="src/InventoryHold.Infrastructure/InventoryHold.Infrastructure.csproj" />
    <Project Path="src/InventoryHold.UnitTests/InventoryHold.UnitTests.csproj" />
    <Project Path="src/InventoryHold.WebApi/InventoryHold.WebApi.csproj" />
  </Folder>
</Solution>
